
Microsoft Visual Studio Solution File, Format Version 12.00
# Visual Studio Version 17
VisualStudioVersion = 17.5.002.0
MinimumVisualStudioVersion = 10.0.40219.1
Project("{9A19103F-16F7-4668-BE54-9A1E7A4F7556}") = "api", "api\api.csproj", "{6AD67BF2-9714-45C9-AB33-92C38E79A6A0}"
EndProject
Project("{9A19103F-16F7-4668-BE54-9A1E7A4F7556}") = "Contracts", "Contracts\Contracts.csproj", "{7735F416-8AD9-4826-B230-332F6D9A72AB}"
EndProject
Project("{9A19103F-16F7-4668-BE54-9A1E7A4F7556}") = "LoggerService", "LoggerService\LoggerService.csproj", "{1E5751D5-E629-4D93-87F1-8E4B425CA846}"
EndProject
Project("{9A19103F-16F7-4668-BE54-9A1E7A4F7556}") = "Entities", "Entities\Entities.csproj", "{A2F19EA3-B693-4A53-A566-CAC7A1C6BF70}"
EndProject
Project("{9A19103F-16F7-4668-BE54-9A1E7A4F7556}") = "Repository", "Repository\Repository.csproj", "{74DB11ED-B351-4475-9817-F422B0F9EBDE}"
EndProject
Project("{E53339B2-1760-4266-BCC7-CA923CBCF16C}") = "docker-compose", "docker-compose.dcproj", "{391C03AE-B946-44CA-83A8-C20B9D0C200B}"
EndProject
Project("{FAE04EC0-301F-11D3-BF4B-00C04F79EFBC}") = "Service.Contracts", "..\Service.Contracts\Service.Contracts.csproj", "{97578DA8-AE49-4B21-8E2F-B65099A072AD}"
EndProject
Global
	GlobalSection(SolutionConfigurationPlatforms) = preSolution
		Debug|Any CPU = Debug|Any CPU
		Release|Any CPU = Release|Any CPU
	EndGlobalSection
	GlobalSection(ProjectConfigurationPlatforms) = postSolution
		{6AD67BF2-9714-45C9-AB33-92C38E79A6A0}.Debug|Any CPU.ActiveCfg = Debug|Any CPU
		{6AD67BF2-9714-45C9-AB33-92C38E79A6A0}.Debug|Any CPU.Build.0 = Debug|Any CPU
		{6AD67BF2-9714-45C9-AB33-92C38E79A6A0}.Release|Any CPU.ActiveCfg = Release|Any CPU
		{6AD67BF2-9714-45C9-AB33-92C38E79A6A0}.Release|Any CPU.Build.0 = Release|Any CPU
		{7735F416-8AD9-4826-B230-332F6D9A72AB}.Debug|Any CPU.ActiveCfg = Debug|Any CPU
		{7735F416-8AD9-4826-B230-332F6D9A72AB}.Debug|Any CPU.Build.0 = Debug|Any CPU
		{7735F416-8AD9-4826-B230-332F6D9A72AB}.Release|Any CPU.ActiveCfg = Release|Any CPU
		{7735F416-8AD9-4826-B230-332F6D9A72AB}.Release|Any CPU.Build.0 = Release|Any CPU
		{1E5751D5-E629-4D93-87F1-8E4B425CA846}.Debug|Any CPU.ActiveCfg = Debug|Any CPU
		{1E5751D5-E629-4D93-87F1-8E4B425CA846}.Debug|Any CPU.Build.0 = Debug|Any CPU
		{1E5751D5-E629-4D93-87F1-8E4B425CA846}.Release|Any CPU.ActiveCfg = Release|Any CPU
		{1E5751D5-E629-4D93-87F1-8E4B425CA846}.Release|Any CPU.Build.0 = Release|Any CPU
		{A2F19EA3-B693-4A53-A566-CAC7A1C6BF70}.Debug|Any CPU.ActiveCfg = Debug|Any CPU
		{A2F19EA3-B693-4A53-A566-CAC7A1C6BF70}.Debug|Any CPU.Build.0 = Debug|Any CPU
		{A2F19EA3-B693-4A53-A566-CAC7A1C6BF70}.Release|Any CPU.ActiveCfg = Release|Any CPU
		{A2F19EA3-B693-4A53-A566-CAC7A1C6BF70}.Release|Any CPU.Build.0 = Release|Any CPU
		{74DB11ED-B351-4475-9817-F422B0F9EBDE}.Debug|Any CPU.ActiveCfg = Debug|Any CPU
		{74DB11ED-B351-4475-9817-F422B0F9EBDE}.Debug|Any CPU.Build.0 = Debug|Any CPU
		{74DB11ED-B351-4475-9817-F422B0F9EBDE}.Release|Any CPU.ActiveCfg = Release|Any CPU
		{74DB11ED-B351-4475-9817-F422B0F9EBDE}.Release|Any CPU.Build.0 = Release|Any CPU
		{391C03AE-B946-44CA-83A8-C20B9D0C200B}.Debug|Any CPU.ActiveCfg = Debug|Any CPU
		{391C03AE-B946-44CA-83A8-C20B9D0C200B}.Debug|Any CPU.Build.0 = Debug|Any CPU
		{391C03AE-B946-44CA-83A8-C20B9D0C200B}.Release|Any CPU.ActiveCfg = Release|Any CPU
		{391C03AE-B946-44CA-83A8-C20B9D0C200B}.Release|Any CPU.Build.0 = Release|Any CPU
		{97578DA8-AE49-4B21-8E2F-B65099A072AD}.Debug|Any CPU.ActiveCfg = Debug|Any CPU
		{97578DA8-AE49-4B21-8E2F-B65099A072AD}.Debug|Any CPU.Build.0 = Debug|Any CPU
		{97578DA8-AE49-4B21-8E2F-B65099A072AD}.Release|Any CPU.ActiveCfg = Release|Any CPU
		{97578DA8-AE49-4B21-8E2F-B65099A072AD}.Release|Any CPU.Build.0 = Release|Any CPU
	EndGlobalSection
	GlobalSection(SolutionProperties) = preSolution
		HideSolutionNode = FALSE
	EndGlobalSection
	GlobalSection(ExtensibilityGlobals) = postSolution
		SolutionGuid = {48E5B673-F4D8-4808-9C7E-09CE485D7ABA}
	EndGlobalSection
EndGlobal
